
Microsoft Visual Studio Solution File, Format Version 12.00
# Visual Studio Version 17
VisualStudioVersion = 17.9.34728.123
MinimumVisualStudioVersion = 10.0.40219.1
Project("{9A19103F-16F7-4668-BE54-9A1E7A4F7556}") = "Gazillion", "src\Gazillion\Gazillion.csproj", "{EF81DF0E-82D7-48B7-BBB9-49D0EDC395E1}"
EndProject
Project("{9A19103F-16F7-4668-BE54-9A1E7A4F7556}") = "MHServerEmu2013", "src\MHServerEmu2013\MHServerEmu2013.csproj", "{22D82E90-C92F-4E53-8AE6-3DAD69B71729}"
EndProject
Project("{9A19103F-16F7-4668-BE54-9A1E7A4F7556}") = "MHServerEmu.Core", "src\MHServerEmu.Core\MHServerEmu.Core.csproj", "{C75FFE92-2026-4F56-8E99-6343FB9FFCBA}"
EndProject
Project("{9A19103F-16F7-4668-BE54-9A1E7A4F7556}") = "MHServerEmu.Games", "src\MHServerEmu.Games\MHServerEmu.Games.csproj", "{A4D3E4CA-88DE-4608-BF46-201319AF030E}"
EndProject
Project("{9A19103F-16F7-4668-BE54-9A1E7A4F7556}") = "GameDatabaseBrowser", "src\GameDatabaseBrowser\GameDatabaseBrowser.csproj", "{28AECDF4-A5B1-448D-9782-AF41B155EE20}"
EndProject
Project("{FAE04EC0-301F-11D3-BF4B-00C04F79EFBC}") = "MHServerEmu.Frontend", "src\MHServerEmu.Frontend\MHServerEmu.Frontend.csproj", "{439DC855-8657-4287-A05E-56A9EDA37D62}"
EndProject
Global
	GlobalSection(SolutionConfigurationPlatforms) = preSolution
		Debug (1.10.0.69)|Any CPU = Debug (1.10.0.69)|Any CPU
		Debug|Any CPU = Debug|Any CPU
		Release (1.10.0.69)|Any CPU = Release (1.10.0.69)|Any CPU
		Release|Any CPU = Release|Any CPU
	EndGlobalSection
	GlobalSection(ProjectConfigurationPlatforms) = postSolution
		{EF81DF0E-82D7-48B7-BBB9-49D0EDC395E1}.Debug (1.10.0.69)|Any CPU.ActiveCfg = Debug (1.10.0.69)|Any CPU
		{EF81DF0E-82D7-48B7-BBB9-49D0EDC395E1}.Debug (1.10.0.69)|Any CPU.Build.0 = Debug (1.10.0.69)|Any CPU
		{EF81DF0E-82D7-48B7-BBB9-49D0EDC395E1}.Debug|Any CPU.ActiveCfg = Debug|Any CPU
		{EF81DF0E-82D7-48B7-BBB9-49D0EDC395E1}.Debug|Any CPU.Build.0 = Debug|Any CPU
		{EF81DF0E-82D7-48B7-BBB9-49D0EDC395E1}.Release (1.10.0.69)|Any CPU.ActiveCfg = Release (1.10.0.69)|Any CPU
		{EF81DF0E-82D7-48B7-BBB9-49D0EDC395E1}.Release (1.10.0.69)|Any CPU.Build.0 = Release (1.10.0.69)|Any CPU
		{EF81DF0E-82D7-48B7-BBB9-49D0EDC395E1}.Release|Any CPU.ActiveCfg = Release|Any CPU
		{EF81DF0E-82D7-48B7-BBB9-49D0EDC395E1}.Release|Any CPU.Build.0 = Release|Any CPU
		{22D82E90-C92F-4E53-8AE6-3DAD69B71729}.Debug (1.10.0.69)|Any CPU.ActiveCfg = Debug (1.10.0.69)|Any CPU
		{22D82E90-C92F-4E53-8AE6-3DAD69B71729}.Debug (1.10.0.69)|Any CPU.Build.0 = Debug (1.10.0.69)|Any CPU
		{22D82E90-C92F-4E53-8AE6-3DAD69B71729}.Debug|Any CPU.ActiveCfg = Debug|Any CPU
		{22D82E90-C92F-4E53-8AE6-3DAD69B71729}.Debug|Any CPU.Build.0 = Debug|Any CPU
		{22D82E90-C92F-4E53-8AE6-3DAD69B71729}.Release (1.10.0.69)|Any CPU.ActiveCfg = Release (1.10.0.69)|Any CPU
		{22D82E90-C92F-4E53-8AE6-3DAD69B71729}.Release (1.10.0.69)|Any CPU.Build.0 = Release (1.10.0.69)|Any CPU
		{22D82E90-C92F-4E53-8AE6-3DAD69B71729}.Release|Any CPU.ActiveCfg = Release|Any CPU
		{22D82E90-C92F-4E53-8AE6-3DAD69B71729}.Release|Any CPU.Build.0 = Release|Any CPU
		{C75FFE92-2026-4F56-8E99-6343FB9FFCBA}.Debug (1.10.0.69)|Any CPU.ActiveCfg = Debug (1.10.0.69)|Any CPU
		{C75FFE92-2026-4F56-8E99-6343FB9FFCBA}.Debug (1.10.0.69)|Any CPU.Build.0 = Debug (1.10.0.69)|Any CPU
		{C75FFE92-2026-4F56-8E99-6343FB9FFCBA}.Debug|Any CPU.ActiveCfg = Debug|Any CPU
		{C75FFE92-2026-4F56-8E99-6343FB9FFCBA}.Debug|Any CPU.Build.0 = Debug|Any CPU
		{C75FFE92-2026-4F56-8E99-6343FB9FFCBA}.Release (1.10.0.69)|Any CPU.ActiveCfg = Release (1.10.0.69)|Any CPU
		{C75FFE92-2026-4F56-8E99-6343FB9FFCBA}.Release (1.10.0.69)|Any CPU.Build.0 = Release (1.10.0.69)|Any CPU
		{C75FFE92-2026-4F56-8E99-6343FB9FFCBA}.Release|Any CPU.ActiveCfg = Release|Any CPU
		{C75FFE92-2026-4F56-8E99-6343FB9FFCBA}.Release|Any CPU.Build.0 = Release|Any CPU
		{A4D3E4CA-88DE-4608-BF46-201319AF030E}.Debug (1.10.0.69)|Any CPU.ActiveCfg = Debug (1.10.0.69)|Any CPU
		{A4D3E4CA-88DE-4608-BF46-201319AF030E}.Debug (1.10.0.69)|Any CPU.Build.0 = Debug (1.10.0.69)|Any CPU
		{A4D3E4CA-88DE-4608-BF46-201319AF030E}.Debug|Any CPU.ActiveCfg = Debug|Any CPU
		{A4D3E4CA-88DE-4608-BF46-201319AF030E}.Debug|Any CPU.Build.0 = Debug|Any CPU
		{A4D3E4CA-88DE-4608-BF46-201319AF030E}.Release (1.10.0.69)|Any CPU.ActiveCfg = Release (1.10.0.69)|Any CPU
		{A4D3E4CA-88DE-4608-BF46-201319AF030E}.Release (1.10.0.69)|Any CPU.Build.0 = Release (1.10.0.69)|Any CPU
		{A4D3E4CA-88DE-4608-BF46-201319AF030E}.Release|Any CPU.ActiveCfg = Release|Any CPU
		{A4D3E4CA-88DE-4608-BF46-201319AF030E}.Release|Any CPU.Build.0 = Release|Any CPU
		{28AECDF4-A5B1-448D-9782-AF41B155EE20}.Debug (1.10.0.69)|Any CPU.ActiveCfg = Debug (1.10.0.69)|Any CPU
		{28AECDF4-A5B1-448D-9782-AF41B155EE20}.Debug|Any CPU.ActiveCfg = Debug|Any CPU
		{28AECDF4-A5B1-448D-9782-AF41B155EE20}.Release (1.10.0.69)|Any CPU.ActiveCfg = Release (1.10.0.69)|Any CPU
		{28AECDF4-A5B1-448D-9782-AF41B155EE20}.Release|Any CPU.ActiveCfg = Release|Any CPU
		{439DC855-8657-4287-A05E-56A9EDA37D62}.Debug (1.10.0.69)|Any CPU.ActiveCfg = Debug (1.10.0.69)|Any CPU
		{439DC855-8657-4287-A05E-56A9EDA37D62}.Debug (1.10.0.69)|Any CPU.Build.0 = Debug (1.10.0.69)|Any CPU
		{439DC855-8657-4287-A05E-56A9EDA37D62}.Debug|Any CPU.ActiveCfg = Debug|Any CPU
		{439DC855-8657-4287-A05E-56A9EDA37D62}.Debug|Any CPU.Build.0 = Debug|Any CPU
		{439DC855-8657-4287-A05E-56A9EDA37D62}.Release (1.10.0.69)|Any CPU.ActiveCfg = Release (1.10.0.69)|Any CPU
		{439DC855-8657-4287-A05E-56A9EDA37D62}.Release (1.10.0.69)|Any CPU.Build.0 = Release (1.10.0.69)|Any CPU
		{439DC855-8657-4287-A05E-56A9EDA37D62}.Release|Any CPU.ActiveCfg = Release|Any CPU
		{439DC855-8657-4287-A05E-56A9EDA37D62}.Release|Any CPU.Build.0 = Release|Any CPU
	EndGlobalSection
	GlobalSection(SolutionProperties) = preSolution
		HideSolutionNode = FALSE
	EndGlobalSection
	GlobalSection(ExtensibilityGlobals) = postSolution
		SolutionGuid = {7F65AB40-DA91-4DE3-8E91-39BBE30E9F52}
	EndGlobalSection
EndGlobal
